
Microsoft Visual Studio Solution File, Format Version 12.00
# Visual Studio Version 17
VisualStudioVersion = 17.13.35617.110
MinimumVisualStudioVersion = 10.0.40219.1
Project("{FAE04EC0-301F-11D3-BF4B-00C04F79EFBC}") = "SimpleMVVMHelper", "SimpleMVVMHelper.csproj", "{FB411504-DDF2-375B-3F5D-29DA03233A6E}"
EndProject
Global
	GlobalSection(SolutionConfigurationPlatforms) = preSolution
		Debug|Any CPU = Debug|Any CPU
		Release|Any CPU = Release|Any CPU
	EndGlobalSection
	GlobalSection(ProjectConfigurationPlatforms) = postSolution
		{FB411504-DDF2-375B-3F5D-29DA03233A6E}.Debug|Any CPU.ActiveCfg = Debug|Any CPU
		{FB411504-DDF2-375B-3F5D-29DA03233A6E}.Debug|Any CPU.Build.0 = Debug|Any CPU
		{FB411504-DDF2-375B-3F5D-29DA03233A6E}.Release|Any CPU.ActiveCfg = Release|Any CPU
		{FB411504-DDF2-375B-3F5D-29DA03233A6E}.Release|Any CPU.Build.0 = Release|Any CPU
	EndGlobalSection
	GlobalSection(SolutionProperties) = preSolution
		HideSolutionNode = FALSE
	EndGlobalSection
	GlobalSection(ExtensibilityGlobals) = postSolution
		SolutionGuid = {F7465DF6-59DF-4564-AE7F-D08B34861C76}
	EndGlobalSection
EndGlobal
